// !$*UTF8*$!
{
	archiveVersion = 1;
	classes = {
	};
	objectVersion = 48;
	objects = {

/* Begin PBXBuildFile section */
		FD02A0EA2003917D0090B72E /* AppDelegate.swift in Sources */ = {isa = PBXBuildFile; fileRef = FD02A0E92003917D0090B72E /* AppDelegate.swift */; };
		FD02A0EC2003917D0090B72E /* ViewController.swift in Sources */ = {isa = PBXBuildFile; fileRef = FD02A0EB2003917D0090B72E /* ViewController.swift */; };
		FD02A0EF2003917D0090B72E /* Main.storyboard in Resources */ = {isa = PBXBuildFile; fileRef = FD02A0ED2003917D0090B72E /* Main.storyboard */; };
		FD02A0F12003917D0090B72E /* Assets.xcassets in Resources */ = {isa = PBXBuildFile; fileRef = FD02A0F02003917D0090B72E /* Assets.xcassets */; };
		FD02A0F42003917D0090B72E /* LaunchScreen.storyboard in Resources */ = {isa = PBXBuildFile; fileRef = FD02A0F22003917D0090B72E /* LaunchScreen.storyboard */; };
		FD02A0FD200391FA0090B72E /* Section.swift in Sources */ = {isa = PBXBuildFile; fileRef = FD02A0FC200391FA0090B72E /* Section.swift */; };
		FD02A0FF2003930D0090B72E /* ExpandableHeaderView.swift in Sources */ = {isa = PBXBuildFile; fileRef = FD02A0FE2003930D0090B72E /* ExpandableHeaderView.swift */; };
		FD02A10120039FA50090B72E /* Utils.swift in Sources */ = {isa = PBXBuildFile; fileRef = FD02A10020039FA50090B72E /* Utils.swift */; };
		FD02A1042003A2790090B72E /* UserSettings.swift in Sources */ = {isa = PBXBuildFile; fileRef = FD02A1032003A2790090B72E /* UserSettings.swift */; };
		FD02A1072003AD9C0090B72E /* Sections.swift in Sources */ = {isa = PBXBuildFile; fileRef = FD02A1062003AD9C0090B72E /* Sections.swift */; };
		FD02A1092003B8590090B72E /* Pools.swift in Sources */ = {isa = PBXBuildFile; fileRef = FD02A1082003B8590090B72E /* Pools.swift */; };
		FD02A10B2003BAE90090B72E /* Worker.swift in Sources */ = {isa = PBXBuildFile; fileRef = FD02A10A2003BAE90090B72E /* Worker.swift */; };
/* End PBXBuildFile section */

/* Begin PBXFileReference section */
		FD02A0E62003917D0090B72E /* Miner Office.app */ = {isa = PBXFileReference; explicitFileType = wrapper.application; includeInIndex = 0; path = "Miner Office.app"; sourceTree = BUILT_PRODUCTS_DIR; };
		FD02A0E92003917D0090B72E /* AppDelegate.swift */ = {isa = PBXFileReference; lastKnownFileType = sourcecode.swift; path = AppDelegate.swift; sourceTree = "<group>"; };
		FD02A0EB2003917D0090B72E /* ViewController.swift */ = {isa = PBXFileReference; lastKnownFileType = sourcecode.swift; path = ViewController.swift; sourceTree = "<group>"; };
		FD02A0EE2003917D0090B72E /* Base */ = {isa = PBXFileReference; lastKnownFileType = file.storyboard; name = Base; path = Base.lproj/Main.storyboard; sourceTree = "<group>"; };
		FD02A0F02003917D0090B72E /* Assets.xcassets */ = {isa = PBXFileReference; lastKnownFileType = folder.assetcatalog; path = Assets.xcassets; sourceTree = "<group>"; };
		FD02A0F32003917D0090B72E /* Base */ = {isa = PBXFileReference; lastKnownFileType = file.storyboard; name = Base; path = Base.lproj/LaunchScreen.storyboard; sourceTree = "<group>"; };
		FD02A0F52003917D0090B72E /* Info.plist */ = {isa = PBXFileReference; lastKnownFileType = text.plist.xml; path = Info.plist; sourceTree = "<group>"; };
		FD02A0FC200391FA0090B72E /* Section.swift */ = {isa = PBXFileReference; lastKnownFileType = sourcecode.swift; path = Section.swift; sourceTree = "<group>"; };
		FD02A0FE2003930D0090B72E /* ExpandableHeaderView.swift */ = {isa = PBXFileReference; lastKnownFileType = sourcecode.swift; path = ExpandableHeaderView.swift; sourceTree = "<group>"; };
		FD02A10020039FA50090B72E /* Utils.swift */ = {isa = PBXFileReference; lastKnownFileType = sourcecode.swift; path = Utils.swift; sourceTree = "<group>"; };
		FD02A1032003A2790090B72E /* UserSettings.swift */ = {isa = PBXFileReference; lastKnownFileType = sourcecode.swift; path = UserSettings.swift; sourceTree = "<group>"; };
		FD02A1062003AD9C0090B72E /* Sections.swift */ = {isa = PBXFileReference; lastKnownFileType = sourcecode.swift; path = Sections.swift; sourceTree = "<group>"; };
		FD02A1082003B8590090B72E /* Pools.swift */ = {isa = PBXFileReference; lastKnownFileType = sourcecode.swift; path = Pools.swift; sourceTree = "<group>"; };
		FD02A10A2003BAE90090B72E /* Worker.swift */ = {isa = PBXFileReference; lastKnownFileType = sourcecode.swift; path = Worker.swift; sourceTree = "<group>"; };
/* End PBXFileReference section */

/* Begin PBXFrameworksBuildPhase section */
		FD02A0E32003917D0090B72E /* Frameworks */ = {
			isa = PBXFrameworksBuildPhase;
			buildActionMask = 2147483647;
			files = (
			);
			runOnlyForDeploymentPostprocessing = 0;
		};
/* End PBXFrameworksBuildPhase section */

/* Begin PBXGroup section */
		FD02A0DD2003917D0090B72E = {
			isa = PBXGroup;
			children = (
				FD02A0E82003917D0090B72E /* Miner Office */,
				FD02A0E72003917D0090B72E /* Products */,
			);
			sourceTree = "<group>";
		};
		FD02A0E72003917D0090B72E /* Products */ = {
			isa = PBXGroup;
			children = (
				FD02A0E62003917D0090B72E /* Miner Office.app */,
			);
			name = Products;
			sourceTree = "<group>";
		};
		FD02A0E82003917D0090B72E /* Miner Office */ = {
			isa = PBXGroup;
			children = (
				FD02A1052003A28F0090B72E /* Data */,
				FD02A10220039FB00090B72E /* Utils */,
				FD02A0FB200391D00090B72E /* ExpandableHeaderView */,
				FD02A0E92003917D0090B72E /* AppDelegate.swift */,
				FD02A0EB2003917D0090B72E /* ViewController.swift */,
				FD02A0ED2003917D0090B72E /* Main.storyboard */,
				FD02A0F02003917D0090B72E /* Assets.xcassets */,
				FD02A0F22003917D0090B72E /* LaunchScreen.storyboard */,
				FD02A0F52003917D0090B72E /* Info.plist */,
			);
			path = "Miner Office";
			sourceTree = "<group>";
		};
		FD02A0FB200391D00090B72E /* ExpandableHeaderView */ = {
			isa = PBXGroup;
			children = (
				FD02A0FC200391FA0090B72E /* Section.swift */,
				FD02A0FE2003930D0090B72E /* ExpandableHeaderView.swift */,
			);
			path = ExpandableHeaderView;
			sourceTree = "<group>";
		};
		FD02A10220039FB00090B72E /* Utils */ = {
			isa = PBXGroup;
			children = (
				FD02A10020039FA50090B72E /* Utils.swift */,
			);
			path = Utils;
			sourceTree = "<group>";
		};
		FD02A1052003A28F0090B72E /* Data */ = {
			isa = PBXGroup;
			children = (
				FD02A1062003AD9C0090B72E /* Sections.swift */,
				FD02A1032003A2790090B72E /* UserSettings.swift */,
				FD02A1082003B8590090B72E /* Pools.swift */,
				FD02A10A2003BAE90090B72E /* Worker.swift */,
			);
			path = Data;
			sourceTree = "<group>";
		};
/* End PBXGroup section */

/* Begin PBXNativeTarget section */
		FD02A0E52003917D0090B72E /* Miner Office */ = {
			isa = PBXNativeTarget;
			buildConfigurationList = FD02A0F82003917D0090B72E /* Build configuration list for PBXNativeTarget "Miner Office" */;
			buildPhases = (
				FD02A0E22003917D0090B72E /* Sources */,
				FD02A0E32003917D0090B72E /* Frameworks */,
				FD02A0E42003917D0090B72E /* Resources */,
			);
			buildRules = (
			);
			dependencies = (
			);
			name = "Miner Office";
			productName = "Miner Office";
			productReference = FD02A0E62003917D0090B72E /* Miner Office.app */;
			productType = "com.apple.product-type.application";
		};
/* End PBXNativeTarget section */

/* Begin PBXProject section */
		FD02A0DE2003917D0090B72E /* Project object */ = {
			isa = PBXProject;
			attributes = {
				LastSwiftUpdateCheck = 0920;
				LastUpgradeCheck = 0920;
				ORGANIZATIONNAME = "Nikita Marinosyan";
				TargetAttributes = {
					FD02A0E52003917D0090B72E = {
						CreatedOnToolsVersion = 9.2;
						ProvisioningStyle = Automatic;
					};
				};
			};
			buildConfigurationList = FD02A0E12003917D0090B72E /* Build configuration list for PBXProject "Miner Office" */;
			compatibilityVersion = "Xcode 8.0";
			developmentRegion = en;
			hasScannedForEncodings = 0;
			knownRegions = (
				en,
				Base,
			);
			mainGroup = FD02A0DD2003917D0090B72E;
			productRefGroup = FD02A0E72003917D0090B72E /* Products */;
			projectDirPath = "";
			projectRoot = "";
			targets = (
				FD02A0E52003917D0090B72E /* Miner Office */,
			);
		};
/* End PBXProject section */

/* Begin PBXResourcesBuildPhase section */
		FD02A0E42003917D0090B72E /* Resources */ = {
			isa = PBXResourcesBuildPhase;
			buildActionMask = 2147483647;
			files = (
				FD02A0F42003917D0090B72E /* LaunchScreen.storyboard in Resources */,
				FD02A0F12003917D0090B72E /* Assets.xcassets in Resources */,
				FD02A0EF2003917D0090B72E /* Main.storyboard in Resources */,
			);
			runOnlyForDeploymentPostprocessing = 0;
		};
/* End PBXResourcesBuildPhase section */

/* Begin PBXSourcesBuildPhase section */
		FD02A0E22003917D0090B72E /* Sources */ = {
			isa = PBXSourcesBuildPhase;
			buildActionMask = 2147483647;
			files = (
				FD02A10120039FA50090B72E /* Utils.swift in Sources */,
				FD02A10B2003BAE90090B72E /* Worker.swift in Sources */,
				FD02A1072003AD9C0090B72E /* Sections.swift in Sources */,
				FD02A1042003A2790090B72E /* UserSettings.swift in Sources */,
				FD02A1092003B8590090B72E /* Pools.swift in Sources */,
				FD02A0FD200391FA0090B72E /* Section.swift in Sources */,
				FD02A0FF2003930D0090B72E /* ExpandableHeaderView.swift in Sources */,
				FD02A0EC2003917D0090B72E /* ViewController.swift in Sources */,
				FD02A0EA2003917D0090B72E /* AppDelegate.swift in Sources */,
			);
			runOnlyForDeploymentPostprocessing = 0;
		};
/* End PBXSourcesBuildPhase section */

/* Begin PBXVariantGroup section */
		FD02A0ED2003917D0090B72E /* Main.storyboard */ = {
			isa = PBXVariantGroup;
			children = (
				FD02A0EE2003917D0090B72E /* Base */,
			);
			name = Main.storyboard;
			sourceTree = "<group>";
		};
		FD02A0F22003917D0090B72E /* LaunchScreen.storyboard */ = {
			isa = PBXVariantGroup;
			children = (
				FD02A0F32003917D0090B72E /* Base */,
			);
			name = LaunchScreen.storyboard;
			sourceTree = "<group>";
		};
/* End PBXVariantGroup section */

/* Begin XCBuildConfiguration section */
		FD02A0F62003917D0090B72E /* Debug */ = {
			isa = XCBuildConfiguration;
			buildSettings = {
				ALWAYS_SEARCH_USER_PATHS = NO;
				CLANG_ANALYZER_NONNULL = YES;
				CLANG_ANALYZER_NUMBER_OBJECT_CONVERSION = YES_AGGRESSIVE;
				CLANG_CXX_LANGUAGE_STANDARD = "gnu++14";
				CLANG_CXX_LIBRARY = "libc++";
				CLANG_ENABLE_MODULES = YES;
				CLANG_ENABLE_OBJC_ARC = YES;
				CLANG_WARN_BLOCK_CAPTURE_AUTORELEASING = YES;
				CLANG_WARN_BOOL_CONVERSION = YES;
				CLANG_WARN_COMMA = YES;
				CLANG_WARN_CONSTANT_CONVERSION = YES;
				CLANG_WARN_DIRECT_OBJC_ISA_USAGE = YES_ERROR;
				CLANG_WARN_DOCUMENTATION_COMMENTS = YES;
				CLANG_WARN_EMPTY_BODY = YES;
				CLANG_WARN_ENUM_CONVERSION = YES;
				CLANG_WARN_INFINITE_RECURSION = YES;
				CLANG_WARN_INT_CONVERSION = YES;
				CLANG_WARN_NON_LITERAL_NULL_CONVERSION = YES;
				CLANG_WARN_OBJC_LITERAL_CONVERSION = YES;
				CLANG_WARN_OBJC_ROOT_CLASS = YES_ERROR;
				CLANG_WARN_RANGE_LOOP_ANALYSIS = YES;
				CLANG_WARN_STRICT_PROTOTYPES = YES;
				CLANG_WARN_SUSPICIOUS_MOVE = YES;
				CLANG_WARN_UNGUARDED_AVAILABILITY = YES_AGGRESSIVE;
				CLANG_WARN_UNREACHABLE_CODE = YES;
				CLANG_WARN__DUPLICATE_METHOD_MATCH = YES;
				CODE_SIGN_IDENTITY = "iPhone Developer";
				COPY_PHASE_STRIP = NO;
				DEBUG_INFORMATION_FORMAT = dwarf;
				ENABLE_STRICT_OBJC_MSGSEND = YES;
				ENABLE_TESTABILITY = YES;
				GCC_C_LANGUAGE_STANDARD = gnu11;
				GCC_DYNAMIC_NO_PIC = NO;
				GCC_NO_COMMON_BLOCKS = YES;
				GCC_OPTIMIZATION_LEVEL = 0;
				GCC_PREPROCESSOR_DEFINITIONS = (
					"DEBUG=1",
					"$(inherited)",
				);
				GCC_WARN_64_TO_32_BIT_CONVERSION = YES;
				GCC_WARN_ABOUT_RETURN_TYPE = YES_ERROR;
				GCC_WARN_UNDECLARED_SELECTOR = YES;
				GCC_WARN_UNINITIALIZED_AUTOS = YES_AGGRESSIVE;
				GCC_WARN_UNUSED_FUNCTION = YES;
				GCC_WARN_UNUSED_VARIABLE = YES;
				IPHONEOS_DEPLOYMENT_TARGET = 11.2;
				MTL_ENABLE_DEBUG_INFO = YES;
				ONLY_ACTIVE_ARCH = YES;
				SDKROOT = iphoneos;
				SWIFT_ACTIVE_COMPILATION_CONDITIONS = DEBUG;
				SWIFT_OPTIMIZATION_LEVEL = "-Onone";
			};
			name = Debug;
		};
		FD02A0F72003917D0090B72E /* Release */ = {
			isa = XCBuildConfiguration;
			buildSettings = {
				ALWAYS_SEARCH_USER_PATHS = NO;
				CLANG_ANALYZER_NONNULL = YES;
				CLANG_ANALYZER_NUMBER_OBJECT_CONVERSION = YES_AGGRESSIVE;
				CLANG_CXX_LANGUAGE_STANDARD = "gnu++14";
				CLANG_CXX_LIBRARY = "libc++";
				CLANG_ENABLE_MODULES = YES;
				CLANG_ENABLE_OBJC_ARC = YES;
				CLANG_WARN_BLOCK_CAPTURE_AUTORELEASING = YES;
				CLANG_WARN_BOOL_CONVERSION = YES;
				CLANG_WARN_COMMA = YES;
				CLANG_WARN_CONSTANT_CONVERSION = YES;
				CLANG_WARN_DIRECT_OBJC_ISA_USAGE = YES_ERROR;
				CLANG_WARN_DOCUMENTATION_COMMENTS = YES;
				CLANG_WARN_EMPTY_BODY = YES;
				CLANG_WARN_ENUM_CONVERSION = YES;
				CLANG_WARN_INFINITE_RECURSION = YES;
				CLANG_WARN_INT_CONVERSION = YES;
				CLANG_WARN_NON_LITERAL_NULL_CONVERSION = YES;
				CLANG_WARN_OBJC_LITERAL_CONVERSION = YES;
				CLANG_WARN_OBJC_ROOT_CLASS = YES_ERROR;
				CLANG_WARN_RANGE_LOOP_ANALYSIS = YES;
				CLANG_WARN_STRICT_PROTOTYPES = YES;
				CLANG_WARN_SUSPICIOUS_MOVE = YES;
				CLANG_WARN_UNGUARDED_AVAILABILITY = YES_AGGRESSIVE;
				CLANG_WARN_UNREACHABLE_CODE = YES;
				CLANG_WARN__DUPLICATE_METHOD_MATCH = YES;
				CODE_SIGN_IDENTITY = "iPhone Developer";
				COPY_PHASE_STRIP = NO;
				DEBUG_INFORMATION_FORMAT = "dwarf-with-dsym";
				ENABLE_NS_ASSERTIONS = NO;
				ENABLE_STRICT_OBJC_MSGSEND = YES;
				GCC_C_LANGUAGE_STANDARD = gnu11;
				GCC_NO_COMMON_BLOCKS = YES;
				GCC_WARN_64_TO_32_BIT_CONVERSION = YES;
				GCC_WARN_ABOUT_RETURN_TYPE = YES_ERROR;
				GCC_WARN_UNDECLARED_SELECTOR = YES;
				GCC_WARN_UNINITIALIZED_AUTOS = YES_AGGRESSIVE;
				GCC_WARN_UNUSED_FUNCTION = YES;
				GCC_WARN_UNUSED_VARIABLE = YES;
				IPHONEOS_DEPLOYMENT_TARGET = 11.2;
				MTL_ENABLE_DEBUG_INFO = NO;
				SDKROOT = iphoneos;
				SWIFT_OPTIMIZATION_LEVEL = "-Owholemodule";
				VALIDATE_PRODUCT = YES;
			};
			name = Release;
		};
		FD02A0F92003917D0090B72E /* Debug */ = {
			isa = XCBuildConfiguration;
			buildSettings = {
				ASSETCATALOG_COMPILER_APPICON_NAME = AppIcon;
				CODE_SIGN_STYLE = Automatic;
				DEVELOPMENT_TEAM = M4TQYV352C;
				INFOPLIST_FILE = "Miner Office/Info.plist";
				LD_RUNPATH_SEARCH_PATHS = "$(inherited) @executable_path/Frameworks";
				PRODUCT_BUNDLE_IDENTIFIER = "com.marinosyan.Miner-Office";
				PRODUCT_NAME = "$(TARGET_NAME)";
				SWIFT_VERSION = 4.0;
				TARGETED_DEVICE_FAMILY = "1,2";
			};
			name = Debug;
		};
		FD02A0FA2003917D0090B72E /* Release */ = {
			isa = XCBuildConfiguration;
			buildSettings = {
				ASSETCATALOG_COMPILER_APPICON_NAME = AppIcon;
				CODE_SIGN_STYLE = Automatic;
				DEVELOPMENT_TEAM = M4TQYV352C;
				INFOPLIST_FILE = "Miner Office/Info.plist";
				LD_RUNPATH_SEARCH_PATHS = "$(inherited) @executable_path/Frameworks";
				PRODUCT_BUNDLE_IDENTIFIER = "com.marinosyan.Miner-Office";
				PRODUCT_NAME = "$(TARGET_NAME)";
				SWIFT_VERSION = 4.0;
				TARGETED_DEVICE_FAMILY = "1,2";
			};
			name = Release;
		};
/* End XCBuildConfiguration section */

/* Begin XCConfigurationList section */
		FD02A0E12003917D0090B72E /* Build configuration list for PBXProject "Miner Office" */ = {
			isa = XCConfigurationList;
			buildConfigurations = (
				FD02A0F62003917D0090B72E /* Debug */,
				FD02A0F72003917D0090B72E /* Release */,
			);
			defaultConfigurationIsVisible = 0;
			defaultConfigurationName = Release;
		};
		FD02A0F82003917D0090B72E /* Build configuration list for PBXNativeTarget "Miner Office" */ = {
			isa = XCConfigurationList;
			buildConfigurations = (
				FD02A0F92003917D0090B72E /* Debug */,
				FD02A0FA2003917D0090B72E /* Release */,
			);
			defaultConfigurationIsVisible = 0;
			defaultConfigurationName = Release;
		};
/* End XCConfigurationList section */
	};
	rootObject = FD02A0DE2003917D0090B72E /* Project object */;
}
